// !$*UTF8*$!
{
	archiveVersion = 1;
	classes = {
	};
	objectVersion = 50;
	objects = {

/* Begin PBXBuildFile section */
		B0A70891342949AEC6F82DF2 /* libPods-FormTest.a in Frameworks */ = {isa = PBXBuildFile; fileRef = 98283FF665D31E9F9442CA8C /* libPods-FormTest.a */; };
		C07401482657A19400430312 /* EventUntilViewController.swift in Sources */ = {isa = PBXBuildFile; fileRef = C07401472657A19400430312 /* EventUntilViewController.swift */; };
		C090354526561512001E9596 /* AppDelegate.swift in Sources */ = {isa = PBXBuildFile; fileRef = C090354426561512001E9596 /* AppDelegate.swift */; };
		C090354726561512001E9596 /* SceneDelegate.swift in Sources */ = {isa = PBXBuildFile; fileRef = C090354626561512001E9596 /* SceneDelegate.swift */; };
		C090354926561512001E9596 /* ViewController.swift in Sources */ = {isa = PBXBuildFile; fileRef = C090354826561512001E9596 /* ViewController.swift */; };
		C090354C26561512001E9596 /* Main.storyboard in Resources */ = {isa = PBXBuildFile; fileRef = C090354A26561512001E9596 /* Main.storyboard */; };
		C090354E26561513001E9596 /* Assets.xcassets in Resources */ = {isa = PBXBuildFile; fileRef = C090354D26561513001E9596 /* Assets.xcassets */; };
		C090355126561513001E9596 /* LaunchScreen.storyboard in Resources */ = {isa = PBXBuildFile; fileRef = C090354F26561513001E9596 /* LaunchScreen.storyboard */; };
		C090355926563EF0001E9596 /* RepeatViewController.swift in Sources */ = {isa = PBXBuildFile; fileRef = C090355826563EF0001E9596 /* RepeatViewController.swift */; };
/* End PBXBuildFile section */

/* Begin PBXFileReference section */
		7E7B2D391DA1EDB732EB36DC /* Pods-FormTest.release.xcconfig */ = {isa = PBXFileReference; includeInIndex = 1; lastKnownFileType = text.xcconfig; name = "Pods-FormTest.release.xcconfig"; path = "Target Support Files/Pods-FormTest/Pods-FormTest.release.xcconfig"; sourceTree = "<group>"; };
		98283FF665D31E9F9442CA8C /* libPods-FormTest.a */ = {isa = PBXFileReference; explicitFileType = archive.ar; includeInIndex = 0; path = "libPods-FormTest.a"; sourceTree = BUILT_PRODUCTS_DIR; };
		C07401472657A19400430312 /* EventUntilViewController.swift */ = {isa = PBXFileReference; lastKnownFileType = sourcecode.swift; path = EventUntilViewController.swift; sourceTree = "<group>"; };
		C090354126561512001E9596 /* FormTest.app */ = {isa = PBXFileReference; explicitFileType = wrapper.application; includeInIndex = 0; path = FormTest.app; sourceTree = BUILT_PRODUCTS_DIR; };
		C090354426561512001E9596 /* AppDelegate.swift */ = {isa = PBXFileReference; lastKnownFileType = sourcecode.swift; path = AppDelegate.swift; sourceTree = "<group>"; };
		C090354626561512001E9596 /* SceneDelegate.swift */ = {isa = PBXFileReference; lastKnownFileType = sourcecode.swift; path = SceneDelegate.swift; sourceTree = "<group>"; };
		C090354826561512001E9596 /* ViewController.swift */ = {isa = PBXFileReference; lastKnownFileType = sourcecode.swift; path = ViewController.swift; sourceTree = "<group>"; };
		C090354B26561512001E9596 /* Base */ = {isa = PBXFileReference; lastKnownFileType = file.storyboard; name = Base; path = Base.lproj/Main.storyboard; sourceTree = "<group>"; };
		C090354D26561513001E9596 /* Assets.xcassets */ = {isa = PBXFileReference; lastKnownFileType = folder.assetcatalog; path = Assets.xcassets; sourceTree = "<group>"; };
		C090355026561513001E9596 /* Base */ = {isa = PBXFileReference; lastKnownFileType = file.storyboard; name = Base; path = Base.lproj/LaunchScreen.storyboard; sourceTree = "<group>"; };
		C090355226561513001E9596 /* Info.plist */ = {isa = PBXFileReference; lastKnownFileType = text.plist.xml; path = Info.plist; sourceTree = "<group>"; };
		C090355826563EF0001E9596 /* RepeatViewController.swift */ = {isa = PBXFileReference; lastKnownFileType = sourcecode.swift; path = RepeatViewController.swift; sourceTree = "<group>"; };
		D93D2598D2C1DAF5214D71C5 /* Pods-FormTest.debug.xcconfig */ = {isa = PBXFileReference; includeInIndex = 1; lastKnownFileType = text.xcconfig; name = "Pods-FormTest.debug.xcconfig"; path = "Target Support Files/Pods-FormTest/Pods-FormTest.debug.xcconfig"; sourceTree = "<group>"; };
/* End PBXFileReference section */

/* Begin PBXFrameworksBuildPhase section */
		C090353E26561512001E9596 /* Frameworks */ = {
			isa = PBXFrameworksBuildPhase;
			buildActionMask = 2147483647;
			files = (
				B0A70891342949AEC6F82DF2 /* libPods-FormTest.a in Frameworks */,
			);
			runOnlyForDeploymentPostprocessing = 0;
		};
/* End PBXFrameworksBuildPhase section */

/* Begin PBXGroup section */
		8D83C00C92ED4E646B9A85A6 /* Pods */ = {
			isa = PBXGroup;
			children = (
				D93D2598D2C1DAF5214D71C5 /* Pods-FormTest.debug.xcconfig */,
				7E7B2D391DA1EDB732EB36DC /* Pods-FormTest.release.xcconfig */,
			);
			path = Pods;
			sourceTree = "<group>";
		};
		C090353826561512001E9596 = {
			isa = PBXGroup;
			children = (
				C090354326561512001E9596 /* FormTest */,
				C090354226561512001E9596 /* Products */,
				8D83C00C92ED4E646B9A85A6 /* Pods */,
				FAA0CDD48D127AEC68A648A5 /* Frameworks */,
			);
			sourceTree = "<group>";
		};
		C090354226561512001E9596 /* Products */ = {
			isa = PBXGroup;
			children = (
				C090354126561512001E9596 /* FormTest.app */,
			);
			name = Products;
			sourceTree = "<group>";
		};
		C090354326561512001E9596 /* FormTest */ = {
			isa = PBXGroup;
			children = (
				C090354426561512001E9596 /* AppDelegate.swift */,
				C090354626561512001E9596 /* SceneDelegate.swift */,
				C090354826561512001E9596 /* ViewController.swift */,
				C090355826563EF0001E9596 /* RepeatViewController.swift */,
				C07401472657A19400430312 /* EventUntilViewController.swift */,
				C090354A26561512001E9596 /* Main.storyboard */,
				C090354D26561513001E9596 /* Assets.xcassets */,
				C090354F26561513001E9596 /* LaunchScreen.storyboard */,
				C090355226561513001E9596 /* Info.plist */,
			);
			path = FormTest;
			sourceTree = "<group>";
		};
		FAA0CDD48D127AEC68A648A5 /* Frameworks */ = {
			isa = PBXGroup;
			children = (
				98283FF665D31E9F9442CA8C /* libPods-FormTest.a */,
			);
			name = Frameworks;
			sourceTree = "<group>";
		};
/* End PBXGroup section */

/* Begin PBXNativeTarget section */
		C090354026561512001E9596 /* FormTest */ = {
			isa = PBXNativeTarget;
			buildConfigurationList = C090355526561513001E9596 /* Build configuration list for PBXNativeTarget "FormTest" */;
			buildPhases = (
				84C0A233EB5BE78E29D3FB29 /* [CP] Check Pods Manifest.lock */,
				C090353D26561512001E9596 /* Sources */,
				C090353E26561512001E9596 /* Frameworks */,
				C090353F26561512001E9596 /* Resources */,
			);
			buildRules = (
			);
			dependencies = (
			);
			name = FormTest;
			productName = FormTest;
			productReference = C090354126561512001E9596 /* FormTest.app */;
			productType = "com.apple.product-type.application";
		};
/* End PBXNativeTarget section */

/* Begin PBXProject section */
		C090353926561512001E9596 /* Project object */ = {
			isa = PBXProject;
			attributes = {
				LastSwiftUpdateCheck = 1250;
				LastUpgradeCheck = 1250;
				TargetAttributes = {
					C090354026561512001E9596 = {
						CreatedOnToolsVersion = 12.5;
					};
				};
			};
			buildConfigurationList = C090353C26561512001E9596 /* Build configuration list for PBXProject "FormTest" */;
			compatibilityVersion = "Xcode 9.3";
			developmentRegion = en;
			hasScannedForEncodings = 0;
			knownRegions = (
				en,
				Base,
			);
			mainGroup = C090353826561512001E9596;
			productRefGroup = C090354226561512001E9596 /* Products */;
			projectDirPath = "";
			projectRoot = "";
			targets = (
				C090354026561512001E9596 /* FormTest */,
			);
		};
/* End PBXProject section */

/* Begin PBXResourcesBuildPhase section */
		C090353F26561512001E9596 /* Resources */ = {
			isa = PBXResourcesBuildPhase;
			buildActionMask = 2147483647;
			files = (
				C090355126561513001E9596 /* LaunchScreen.storyboard in Resources */,
				C090354E26561513001E9596 /* Assets.xcassets in Resources */,
				C090354C26561512001E9596 /* Main.storyboard in Resources */,
			);
			runOnlyForDeploymentPostprocessing = 0;
		};
/* End PBXResourcesBuildPhase section */

/* Begin PBXShellScriptBuildPhase section */
		84C0A233EB5BE78E29D3FB29 /* [CP] Check Pods Manifest.lock */ = {
			isa = PBXShellScriptBuildPhase;
			buildActionMask = 2147483647;
			files = (
			);
			inputFileListPaths = (
			);
			inputPaths = (
				"${PODS_PODFILE_DIR_PATH}/Podfile.lock",
				"${PODS_ROOT}/Manifest.lock",
			);
			name = "[CP] Check Pods Manifest.lock";
			outputFileListPaths = (
			);
			outputPaths = (
				"$(DERIVED_FILE_DIR)/Pods-FormTest-checkManifestLockResult.txt",
			);
			runOnlyForDeploymentPostprocessing = 0;
			shellPath = /bin/sh;
			shellScript = "diff \"${PODS_PODFILE_DIR_PATH}/Podfile.lock\" \"${PODS_ROOT}/Manifest.lock\" > /dev/null\nif [ $? != 0 ] ; then\n    # print error to STDERR\n    echo \"error: The sandbox is not in sync with the Podfile.lock. Run 'pod install' or update your CocoaPods installation.\" >&2\n    exit 1\nfi\n# This output is used by Xcode 'outputs' to avoid re-running this script phase.\necho \"SUCCESS\" > \"${SCRIPT_OUTPUT_FILE_0}\"\n";
			showEnvVarsInLog = 0;
		};
/* End PBXShellScriptBuildPhase section */

/* Begin PBXSourcesBuildPhase section */
		C090353D26561512001E9596 /* Sources */ = {
			isa = PBXSourcesBuildPhase;
			buildActionMask = 2147483647;
			files = (
				C090354926561512001E9596 /* ViewController.swift in Sources */,
				C07401482657A19400430312 /* EventUntilViewController.swift in Sources */,
				C090355926563EF0001E9596 /* RepeatViewController.swift in Sources */,
				C090354526561512001E9596 /* AppDelegate.swift in Sources */,
				C090354726561512001E9596 /* SceneDelegate.swift in Sources */,
			);
			runOnlyForDeploymentPostprocessing = 0;
		};
/* End PBXSourcesBuildPhase section */

/* Begin PBXVariantGroup section */
		C090354A26561512001E9596 /* Main.storyboard */ = {
			isa = PBXVariantGroup;
			children = (
				C090354B26561512001E9596 /* Base */,
			);
			name = Main.storyboard;
			sourceTree = "<group>";
		};
		C090354F26561513001E9596 /* LaunchScreen.storyboard */ = {
			isa = PBXVariantGroup;
			children = (
				C090355026561513001E9596 /* Base */,
			);
			name = LaunchScreen.storyboard;
			sourceTree = "<group>";
		};
/* End PBXVariantGroup section */

/* Begin XCBuildConfiguration section */
		C090355326561513001E9596 /* Debug */ = {
			isa = XCBuildConfiguration;
			buildSettings = {
				ALWAYS_SEARCH_USER_PATHS = NO;
				CLANG_ANALYZER_NONNULL = YES;
				CLANG_ANALYZER_NUMBER_OBJECT_CONVERSION = YES_AGGRESSIVE;
				CLANG_CXX_LANGUAGE_STANDARD = "gnu++14";
				CLANG_CXX_LIBRARY = "libc++";
				CLANG_ENABLE_MODULES = YES;
				CLANG_ENABLE_OBJC_ARC = YES;
				CLANG_ENABLE_OBJC_WEAK = YES;
				CLANG_WARN_BLOCK_CAPTURE_AUTORELEASING = YES;
				CLANG_WARN_BOOL_CONVERSION = YES;
				CLANG_WARN_COMMA = YES;
				CLANG_WARN_CONSTANT_CONVERSION = YES;
				CLANG_WARN_DEPRECATED_OBJC_IMPLEMENTATIONS = YES;
				CLANG_WARN_DIRECT_OBJC_ISA_USAGE = YES_ERROR;
				CLANG_WARN_DOCUMENTATION_COMMENTS = YES;
				CLANG_WARN_EMPTY_BODY = YES;
				CLANG_WARN_ENUM_CONVERSION = YES;
				CLANG_WARN_INFINITE_RECURSION = YES;
				CLANG_WARN_INT_CONVERSION = YES;
				CLANG_WARN_NON_LITERAL_NULL_CONVERSION = YES;
				CLANG_WARN_OBJC_IMPLICIT_RETAIN_SELF = YES;
				CLANG_WARN_OBJC_LITERAL_CONVERSION = YES;
				CLANG_WARN_OBJC_ROOT_CLASS = YES_ERROR;
				CLANG_WARN_QUOTED_INCLUDE_IN_FRAMEWORK_HEADER = YES;
				CLANG_WARN_RANGE_LOOP_ANALYSIS = YES;
				CLANG_WARN_STRICT_PROTOTYPES = YES;
				CLANG_WARN_SUSPICIOUS_MOVE = YES;
				CLANG_WARN_UNGUARDED_AVAILABILITY = YES_AGGRESSIVE;
				CLANG_WARN_UNREACHABLE_CODE = YES;
				CLANG_WARN__DUPLICATE_METHOD_MATCH = YES;
				COPY_PHASE_STRIP = NO;
				DEBUG_INFORMATION_FORMAT = dwarf;
				ENABLE_STRICT_OBJC_MSGSEND = YES;
				ENABLE_TESTABILITY = YES;
				GCC_C_LANGUAGE_STANDARD = gnu11;
				GCC_DYNAMIC_NO_PIC = NO;
				GCC_NO_COMMON_BLOCKS = YES;
				GCC_OPTIMIZATION_LEVEL = 0;
				GCC_PREPROCESSOR_DEFINITIONS = (
					"DEBUG=1",
					"$(inherited)",
				);
				GCC_WARN_64_TO_32_BIT_CONVERSION = YES;
				GCC_WARN_ABOUT_RETURN_TYPE = YES_ERROR;
				GCC_WARN_UNDECLARED_SELECTOR = YES;
				GCC_WARN_UNINITIALIZED_AUTOS = YES_AGGRESSIVE;
				GCC_WARN_UNUSED_FUNCTION = YES;
				GCC_WARN_UNUSED_VARIABLE = YES;
				IPHONEOS_DEPLOYMENT_TARGET = 14.5;
				MTL_ENABLE_DEBUG_INFO = INCLUDE_SOURCE;
				MTL_FAST_MATH = YES;
				ONLY_ACTIVE_ARCH = YES;
				SDKROOT = iphoneos;
				SWIFT_ACTIVE_COMPILATION_CONDITIONS = DEBUG;
				SWIFT_OPTIMIZATION_LEVEL = "-Onone";
			};
			name = Debug;
		};
		C090355426561513001E9596 /* Release */ = {
			isa = XCBuildConfiguration;
			buildSettings = {
				ALWAYS_SEARCH_USER_PATHS = NO;
				CLANG_ANALYZER_NONNULL = YES;
				CLANG_ANALYZER_NUMBER_OBJECT_CONVERSION = YES_AGGRESSIVE;
				CLANG_CXX_LANGUAGE_STANDARD = "gnu++14";
				CLANG_CXX_LIBRARY = "libc++";
				CLANG_ENABLE_MODULES = YES;
				CLANG_ENABLE_OBJC_ARC = YES;
				CLANG_ENABLE_OBJC_WEAK = YES;
				CLANG_WARN_BLOCK_CAPTURE_AUTORELEASING = YES;
				CLANG_WARN_BOOL_CONVERSION = YES;
				CLANG_WARN_COMMA = YES;
				CLANG_WARN_CONSTANT_CONVERSION = YES;
				CLANG_WARN_DEPRECATED_OBJC_IMPLEMENTATIONS = YES;
				CLANG_WARN_DIRECT_OBJC_ISA_USAGE = YES_ERROR;
				CLANG_WARN_DOCUMENTATION_COMMENTS = YES;
				CLANG_WARN_EMPTY_BODY = YES;
				CLANG_WARN_ENUM_CONVERSION = YES;
				CLANG_WARN_INFINITE_RECURSION = YES;
				CLANG_WARN_INT_CONVERSION = YES;
				CLANG_WARN_NON_LITERAL_NULL_CONVERSION = YES;
				CLANG_WARN_OBJC_IMPLICIT_RETAIN_SELF = YES;
				CLANG_WARN_OBJC_LITERAL_CONVERSION = YES;
				CLANG_WARN_OBJC_ROOT_CLASS = YES_ERROR;
				CLANG_WARN_QUOTED_INCLUDE_IN_FRAMEWORK_HEADER = YES;
				CLANG_WARN_RANGE_LOOP_ANALYSIS = YES;
				CLANG_WARN_STRICT_PROTOTYPES = YES;
				CLANG_WARN_SUSPICIOUS_MOVE = YES;
				CLANG_WARN_UNGUARDED_AVAILABILITY = YES_AGGRESSIVE;
				CLANG_WARN_UNREACHABLE_CODE = YES;
				CLANG_WARN__DUPLICATE_METHOD_MATCH = YES;
				COPY_PHASE_STRIP = NO;
				DEBUG_INFORMATION_FORMAT = "dwarf-with-dsym";
				ENABLE_NS_ASSERTIONS = NO;
				ENABLE_STRICT_OBJC_MSGSEND = YES;
				GCC_C_LANGUAGE_STANDARD = gnu11;
				GCC_NO_COMMON_BLOCKS = YES;
				GCC_WARN_64_TO_32_BIT_CONVERSION = YES;
				GCC_WARN_ABOUT_RETURN_TYPE = YES_ERROR;
				GCC_WARN_UNDECLARED_SELECTOR = YES;
				GCC_WARN_UNINITIALIZED_AUTOS = YES_AGGRESSIVE;
				GCC_WARN_UNUSED_FUNCTION = YES;
				GCC_WARN_UNUSED_VARIABLE = YES;
				IPHONEOS_DEPLOYMENT_TARGET = 14.5;
				MTL_ENABLE_DEBUG_INFO = NO;
				MTL_FAST_MATH = YES;
				SDKROOT = iphoneos;
				SWIFT_COMPILATION_MODE = wholemodule;
				SWIFT_OPTIMIZATION_LEVEL = "-O";
				VALIDATE_PRODUCT = YES;
			};
			name = Release;
		};
		C090355626561513001E9596 /* Debug */ = {
			isa = XCBuildConfiguration;
			baseConfigurationReference = D93D2598D2C1DAF5214D71C5 /* Pods-FormTest.debug.xcconfig */;
			buildSettings = {
				ASSETCATALOG_COMPILER_APPICON_NAME = AppIcon;
				ASSETCATALOG_COMPILER_GLOBAL_ACCENT_COLOR_NAME = AccentColor;
				CODE_SIGN_STYLE = Automatic;
				INFOPLIST_FILE = FormTest/Info.plist;
				LD_RUNPATH_SEARCH_PATHS = (
					"$(inherited)",
					"@executable_path/Frameworks",
				);
				PRODUCT_BUNDLE_IDENTIFIER = "zhuxiaojin-eyou.net.FormTest";
				PRODUCT_NAME = "$(TARGET_NAME)";
				SWIFT_VERSION = 5.0;
				TARGETED_DEVICE_FAMILY = "1,2";
			};
			name = Debug;
		};
		C090355726561513001E9596 /* Release */ = {
			isa = XCBuildConfiguration;
			baseConfigurationReference = 7E7B2D391DA1EDB732EB36DC /* Pods-FormTest.release.xcconfig */;
			buildSettings = {
				ASSETCATALOG_COMPILER_APPICON_NAME = AppIcon;
				ASSETCATALOG_COMPILER_GLOBAL_ACCENT_COLOR_NAME = AccentColor;
				CODE_SIGN_STYLE = Automatic;
				INFOPLIST_FILE = FormTest/Info.plist;
				LD_RUNPATH_SEARCH_PATHS = (
					"$(inherited)",
					"@executable_path/Frameworks",
				);
				PRODUCT_BUNDLE_IDENTIFIER = "zhuxiaojin-eyou.net.FormTest";
				PRODUCT_NAME = "$(TARGET_NAME)";
				SWIFT_VERSION = 5.0;
				TARGETED_DEVICE_FAMILY = "1,2";
			};
			name = Release;
		};
/* End XCBuildConfiguration section */

/* Begin XCConfigurationList section */
		C090353C26561512001E9596 /* Build configuration list for PBXProject "FormTest" */ = {
			isa = XCConfigurationList;
			buildConfigurations = (
				C090355326561513001E9596 /* Debug */,
				C090355426561513001E9596 /* Release */,
			);
			defaultConfigurationIsVisible = 0;
			defaultConfigurationName = Release;
		};
		C090355526561513001E9596 /* Build configuration list for PBXNativeTarget "FormTest" */ = {
			isa = XCConfigurationList;
			buildConfigurations = (
				C090355626561513001E9596 /* Debug */,
				C090355726561513001E9596 /* Release */,
			);
			defaultConfigurationIsVisible = 0;
			defaultConfigurationName = Release;
		};
/* End XCConfigurationList section */
	};
	rootObject = C090353926561512001E9596 /* Project object */;
}
